
Microsoft Visual Studio Solution File, Format Version 12.00
# Visual Studio Version 17
VisualStudioVersion = 17.11.35303.130
MinimumVisualStudioVersion = 10.0.40219.1
Project("{9A19103F-16F7-4668-BE54-9A1E7A4F7556}") = "DDScriptWriter", "DDScriptWriter.csproj", "{BA94A0D8-33B2-4E35-8234-2FDD408A95BF}"
EndProject
Project("{9A19103F-16F7-4668-BE54-9A1E7A4F7556}") = "DDScriptWriter.Desktop", "..\DDScriptWriter.Desktop\DDScriptWriter.Desktop.csproj", "{A7A0C2B4-0F76-4BDD-8249-7C5B91D8D1FB}"
EndProject
Global
	GlobalSection(SolutionConfigurationPlatforms) = preSolution
		Debug|Any CPU = Debug|Any CPU
		Release|Any CPU = Release|Any CPU
	EndGlobalSection
	GlobalSection(ProjectConfigurationPlatforms) = postSolution
		{BA94A0D8-33B2-4E35-8234-2FDD408A95BF}.Debug|Any CPU.ActiveCfg = Debug|Any CPU
		{BA94A0D8-33B2-4E35-8234-2FDD408A95BF}.Debug|Any CPU.Build.0 = Debug|Any CPU
		{BA94A0D8-33B2-4E35-8234-2FDD408A95BF}.Release|Any CPU.ActiveCfg = Release|Any CPU
		{BA94A0D8-33B2-4E35-8234-2FDD408A95BF}.Release|Any CPU.Build.0 = Release|Any CPU
		{A7A0C2B4-0F76-4BDD-8249-7C5B91D8D1FB}.Debug|Any CPU.ActiveCfg = Debug|Any CPU
		{A7A0C2B4-0F76-4BDD-8249-7C5B91D8D1FB}.Debug|Any CPU.Build.0 = Debug|Any CPU
		{A7A0C2B4-0F76-4BDD-8249-7C5B91D8D1FB}.Release|Any CPU.ActiveCfg = Release|Any CPU
		{A7A0C2B4-0F76-4BDD-8249-7C5B91D8D1FB}.Release|Any CPU.Build.0 = Release|Any CPU
	EndGlobalSection
	GlobalSection(SolutionProperties) = preSolution
		HideSolutionNode = FALSE
	EndGlobalSection
	GlobalSection(ExtensibilityGlobals) = postSolution
		SolutionGuid = {8C835C50-62DF-4991-B4FD-9F84F65DB3DC}
	EndGlobalSection
EndGlobal
